
Microsoft Visual Studio Solution File, Format Version 12.00
# Visual Studio Version 16
VisualStudioVersion = 16.0.31729.503
MinimumVisualStudioVersion = 10.0.40219.1
Project("{FAE04EC0-301F-11D3-BF4B-00C04F79EFBC}") = "DemoApi", "DemoApi\DemoApi.csproj", "{34489646-2805-4E48-B3E4-66227CFDB9F4}"
EndProject
Global
	GlobalSection(SolutionConfigurationPlatforms) = preSolution
		Debug|Any CPU = Debug|Any CPU
		Release|Any CPU = Release|Any CPU
	EndGlobalSection
	GlobalSection(ProjectConfigurationPlatforms) = postSolution
		{34489646-2805-4E48-B3E4-66227CFDB9F4}.Debug|Any CPU.ActiveCfg = Debug|Any CPU
		{34489646-2805-4E48-B3E4-66227CFDB9F4}.Debug|Any CPU.Build.0 = Debug|Any CPU
		{34489646-2805-4E48-B3E4-66227CFDB9F4}.Release|Any CPU.ActiveCfg = Release|Any CPU
		{34489646-2805-4E48-B3E4-66227CFDB9F4}.Release|Any CPU.Build.0 = Release|Any CPU
	EndGlobalSection
	GlobalSection(SolutionProperties) = preSolution
		HideSolutionNode = FALSE
	EndGlobalSection
	GlobalSection(ExtensibilityGlobals) = postSolution
		SolutionGuid = {2AB77C08-CFEF-481B-BDF1-DE2F8BA5DC29}
	EndGlobalSection
EndGlobal
